
Microsoft Visual Studio Solution File, Format Version 12.00
# Visual Studio Version 17
VisualStudioVersion = 17.0.31903.59
MinimumVisualStudioVersion = 10.0.40219.1
Project("{2150E333-8FDC-42A3-9474-1A3956D46DE8}") = "src", "src", "{827E0CD3-B72D-47B6-A68D-7590B98EB39B}"
EndProject
Project("{FAE04EC0-301F-11D3-BF4B-00C04F79EFBC}") = "C_.SDK", "src\C_.SDK\C_.SDK.csproj", "{A5481963-5C7D-40FF-9D7E-846ED1471197}"
EndProject
Project("{FAE04EC0-301F-11D3-BF4B-00C04F79EFBC}") = "C_.Analyzer", "src\C_.Analyzer\C_.Analyzer.csproj", "{C8BEB1AF-A4E3-4BED-A03F-928451050165}"
EndProject
Project("{FAE04EC0-301F-11D3-BF4B-00C04F79EFBC}") = "C_.SDK.Tests", "src\C_.SDK.Tests\C_.SDK.Tests.csproj", "{93E5D828-BF05-4AEA-B471-679529F7B02E}"
EndProject
Project("{2150E333-8FDC-42A3-9474-1A3956D46DE8}") = "examples", "examples", "{B36A84DF-456D-A817-6EDD-3EC3E7F6E11F}"
EndProject
Project("{FAE04EC0-301F-11D3-BF4B-00C04F79EFBC}") = "HelloC_", "examples\HelloC_\HelloC_.csproj", "{A6FDE593-C074-490A-B38B-50296CB67A3B}"
EndProject
Project("{FAE04EC0-301F-11D3-BF4B-00C04F79EFBC}") = "C_.Analyzer.Tests", "src\C_.Analyzer.Tests\C_.Analyzer.Tests.csproj", "{1386EC19-1280-47C4-872B-8EBFF18CB810}"
EndProject
Global
	GlobalSection(SolutionConfigurationPlatforms) = preSolution
		Debug|Any CPU = Debug|Any CPU
		Debug|x64 = Debug|x64
		Debug|x86 = Debug|x86
		Release|Any CPU = Release|Any CPU
		Release|x64 = Release|x64
		Release|x86 = Release|x86
	EndGlobalSection
	GlobalSection(ProjectConfigurationPlatforms) = postSolution
		{A5481963-5C7D-40FF-9D7E-846ED1471197}.Debug|Any CPU.ActiveCfg = Debug|Any CPU
		{A5481963-5C7D-40FF-9D7E-846ED1471197}.Debug|Any CPU.Build.0 = Debug|Any CPU
		{A5481963-5C7D-40FF-9D7E-846ED1471197}.Debug|x64.ActiveCfg = Debug|Any CPU
		{A5481963-5C7D-40FF-9D7E-846ED1471197}.Debug|x64.Build.0 = Debug|Any CPU
		{A5481963-5C7D-40FF-9D7E-846ED1471197}.Debug|x86.ActiveCfg = Debug|Any CPU
		{A5481963-5C7D-40FF-9D7E-846ED1471197}.Debug|x86.Build.0 = Debug|Any CPU
		{A5481963-5C7D-40FF-9D7E-846ED1471197}.Release|Any CPU.ActiveCfg = Release|Any CPU
		{A5481963-5C7D-40FF-9D7E-846ED1471197}.Release|Any CPU.Build.0 = Release|Any CPU
		{A5481963-5C7D-40FF-9D7E-846ED1471197}.Release|x64.ActiveCfg = Release|Any CPU
		{A5481963-5C7D-40FF-9D7E-846ED1471197}.Release|x64.Build.0 = Release|Any CPU
		{A5481963-5C7D-40FF-9D7E-846ED1471197}.Release|x86.ActiveCfg = Release|Any CPU
		{A5481963-5C7D-40FF-9D7E-846ED1471197}.Release|x86.Build.0 = Release|Any CPU
		{C8BEB1AF-A4E3-4BED-A03F-928451050165}.Debug|Any CPU.ActiveCfg = Debug|Any CPU
		{C8BEB1AF-A4E3-4BED-A03F-928451050165}.Debug|Any CPU.Build.0 = Debug|Any CPU
		{C8BEB1AF-A4E3-4BED-A03F-928451050165}.Debug|x64.ActiveCfg = Debug|Any CPU
		{C8BEB1AF-A4E3-4BED-A03F-928451050165}.Debug|x64.Build.0 = Debug|Any CPU
		{C8BEB1AF-A4E3-4BED-A03F-928451050165}.Debug|x86.ActiveCfg = Debug|Any CPU
		{C8BEB1AF-A4E3-4BED-A03F-928451050165}.Debug|x86.Build.0 = Debug|Any CPU
		{C8BEB1AF-A4E3-4BED-A03F-928451050165}.Release|Any CPU.ActiveCfg = Release|Any CPU
		{C8BEB1AF-A4E3-4BED-A03F-928451050165}.Release|Any CPU.Build.0 = Release|Any CPU
		{C8BEB1AF-A4E3-4BED-A03F-928451050165}.Release|x64.ActiveCfg = Release|Any CPU
		{C8BEB1AF-A4E3-4BED-A03F-928451050165}.Release|x64.Build.0 = Release|Any CPU
		{C8BEB1AF-A4E3-4BED-A03F-928451050165}.Release|x86.ActiveCfg = Release|Any CPU
		{C8BEB1AF-A4E3-4BED-A03F-928451050165}.Release|x86.Build.0 = Release|Any CPU
		{93E5D828-BF05-4AEA-B471-679529F7B02E}.Debug|Any CPU.ActiveCfg = Debug|Any CPU
		{93E5D828-BF05-4AEA-B471-679529F7B02E}.Debug|Any CPU.Build.0 = Debug|Any CPU
		{93E5D828-BF05-4AEA-B471-679529F7B02E}.Debug|x64.ActiveCfg = Debug|Any CPU
		{93E5D828-BF05-4AEA-B471-679529F7B02E}.Debug|x64.Build.0 = Debug|Any CPU
		{93E5D828-BF05-4AEA-B471-679529F7B02E}.Debug|x86.ActiveCfg = Debug|Any CPU
		{93E5D828-BF05-4AEA-B471-679529F7B02E}.Debug|x86.Build.0 = Debug|Any CPU
		{93E5D828-BF05-4AEA-B471-679529F7B02E}.Release|Any CPU.ActiveCfg = Release|Any CPU
		{93E5D828-BF05-4AEA-B471-679529F7B02E}.Release|Any CPU.Build.0 = Release|Any CPU
		{93E5D828-BF05-4AEA-B471-679529F7B02E}.Release|x64.ActiveCfg = Release|Any CPU
		{93E5D828-BF05-4AEA-B471-679529F7B02E}.Release|x64.Build.0 = Release|Any CPU
		{93E5D828-BF05-4AEA-B471-679529F7B02E}.Release|x86.ActiveCfg = Release|Any CPU
		{93E5D828-BF05-4AEA-B471-679529F7B02E}.Release|x86.Build.0 = Release|Any CPU
		{A6FDE593-C074-490A-B38B-50296CB67A3B}.Debug|Any CPU.ActiveCfg = Debug|Any CPU
		{A6FDE593-C074-490A-B38B-50296CB67A3B}.Debug|Any CPU.Build.0 = Debug|Any CPU
		{A6FDE593-C074-490A-B38B-50296CB67A3B}.Debug|x64.ActiveCfg = Debug|Any CPU
		{A6FDE593-C074-490A-B38B-50296CB67A3B}.Debug|x64.Build.0 = Debug|Any CPU
		{A6FDE593-C074-490A-B38B-50296CB67A3B}.Debug|x86.ActiveCfg = Debug|Any CPU
		{A6FDE593-C074-490A-B38B-50296CB67A3B}.Debug|x86.Build.0 = Debug|Any CPU
		{A6FDE593-C074-490A-B38B-50296CB67A3B}.Release|Any CPU.ActiveCfg = Release|Any CPU
		{A6FDE593-C074-490A-B38B-50296CB67A3B}.Release|Any CPU.Build.0 = Release|Any CPU
		{A6FDE593-C074-490A-B38B-50296CB67A3B}.Release|x64.ActiveCfg = Release|Any CPU
		{A6FDE593-C074-490A-B38B-50296CB67A3B}.Release|x64.Build.0 = Release|Any CPU
		{A6FDE593-C074-490A-B38B-50296CB67A3B}.Release|x86.ActiveCfg = Release|Any CPU
		{A6FDE593-C074-490A-B38B-50296CB67A3B}.Release|x86.Build.0 = Release|Any CPU
		{1386EC19-1280-47C4-872B-8EBFF18CB810}.Debug|Any CPU.ActiveCfg = Debug|Any CPU
		{1386EC19-1280-47C4-872B-8EBFF18CB810}.Debug|Any CPU.Build.0 = Debug|Any CPU
		{1386EC19-1280-47C4-872B-8EBFF18CB810}.Debug|x64.ActiveCfg = Debug|Any CPU
		{1386EC19-1280-47C4-872B-8EBFF18CB810}.Debug|x64.Build.0 = Debug|Any CPU
		{1386EC19-1280-47C4-872B-8EBFF18CB810}.Debug|x86.ActiveCfg = Debug|Any CPU
		{1386EC19-1280-47C4-872B-8EBFF18CB810}.Debug|x86.Build.0 = Debug|Any CPU
		{1386EC19-1280-47C4-872B-8EBFF18CB810}.Release|Any CPU.ActiveCfg = Release|Any CPU
		{1386EC19-1280-47C4-872B-8EBFF18CB810}.Release|Any CPU.Build.0 = Release|Any CPU
		{1386EC19-1280-47C4-872B-8EBFF18CB810}.Release|x64.ActiveCfg = Release|Any CPU
		{1386EC19-1280-47C4-872B-8EBFF18CB810}.Release|x64.Build.0 = Release|Any CPU
		{1386EC19-1280-47C4-872B-8EBFF18CB810}.Release|x86.ActiveCfg = Release|Any CPU
		{1386EC19-1280-47C4-872B-8EBFF18CB810}.Release|x86.Build.0 = Release|Any CPU
	EndGlobalSection
	GlobalSection(SolutionProperties) = preSolution
		HideSolutionNode = FALSE
	EndGlobalSection
	GlobalSection(NestedProjects) = preSolution
		{A5481963-5C7D-40FF-9D7E-846ED1471197} = {827E0CD3-B72D-47B6-A68D-7590B98EB39B}
		{C8BEB1AF-A4E3-4BED-A03F-928451050165} = {827E0CD3-B72D-47B6-A68D-7590B98EB39B}
		{93E5D828-BF05-4AEA-B471-679529F7B02E} = {827E0CD3-B72D-47B6-A68D-7590B98EB39B}
		{A6FDE593-C074-490A-B38B-50296CB67A3B} = {B36A84DF-456D-A817-6EDD-3EC3E7F6E11F}
		{1386EC19-1280-47C4-872B-8EBFF18CB810} = {827E0CD3-B72D-47B6-A68D-7590B98EB39B}
	EndGlobalSection
EndGlobal
