
Microsoft Visual Studio Solution File, Format Version 12.00
# Visual Studio Version 17
VisualStudioVersion = 17.0.31903.59
MinimumVisualStudioVersion = 10.0.40219.1
Project("{FAE04EC0-301F-11D3-BF4B-00C04F79EFBC}") = "HelloC_", "HelloC_\HelloC_.csproj", "{1661B24F-9E46-4447-B645-38F1B17220C1}"
EndProject
Project("{FAE04EC0-301F-11D3-BF4B-00C04F79EFBC}") = "HelloC_SDK", "HelloC_SDK\HelloC_SDK.csproj", "{B699D586-A077-4856-A0DB-ED297620AC56}"
EndProject
Project("{FAE04EC0-301F-11D3-BF4B-00C04F79EFBC}") = "C_.SDK", "..\src\C_.SDK\C_.SDK.csproj", "{55146F2D-29A8-42DA-9AC2-5873E7514DE7}"
EndProject
Project("{FAE04EC0-301F-11D3-BF4B-00C04F79EFBC}") = "AsteroidsC_", "AsteroidsC_\AsteroidsC_.csproj", "{8F3E9A1B-4C2D-4E5F-8A6B-1D2E3F4A5B6C}"
EndProject
Global
	GlobalSection(SolutionConfigurationPlatforms) = preSolution
		Debug|Any CPU = Debug|Any CPU
		Debug|x64 = Debug|x64
		Debug|x86 = Debug|x86
		Release|Any CPU = Release|Any CPU
		Release|x64 = Release|x64
		Release|x86 = Release|x86
	EndGlobalSection
	GlobalSection(ProjectConfigurationPlatforms) = postSolution
		{1661B24F-9E46-4447-B645-38F1B17220C1}.Debug|Any CPU.ActiveCfg = Debug|Any CPU
		{1661B24F-9E46-4447-B645-38F1B17220C1}.Debug|Any CPU.Build.0 = Debug|Any CPU
		{1661B24F-9E46-4447-B645-38F1B17220C1}.Debug|x64.ActiveCfg = Debug|Any CPU
		{1661B24F-9E46-4447-B645-38F1B17220C1}.Debug|x64.Build.0 = Debug|Any CPU
		{1661B24F-9E46-4447-B645-38F1B17220C1}.Debug|x86.ActiveCfg = Debug|Any CPU
		{1661B24F-9E46-4447-B645-38F1B17220C1}.Debug|x86.Build.0 = Debug|Any CPU
		{1661B24F-9E46-4447-B645-38F1B17220C1}.Release|Any CPU.ActiveCfg = Release|Any CPU
		{1661B24F-9E46-4447-B645-38F1B17220C1}.Release|Any CPU.Build.0 = Release|Any CPU
		{1661B24F-9E46-4447-B645-38F1B17220C1}.Release|x64.ActiveCfg = Release|Any CPU
		{1661B24F-9E46-4447-B645-38F1B17220C1}.Release|x64.Build.0 = Release|Any CPU
		{1661B24F-9E46-4447-B645-38F1B17220C1}.Release|x86.ActiveCfg = Release|Any CPU
		{1661B24F-9E46-4447-B645-38F1B17220C1}.Release|x86.Build.0 = Release|Any CPU
		{B699D586-A077-4856-A0DB-ED297620AC56}.Debug|Any CPU.ActiveCfg = Debug|Any CPU
		{B699D586-A077-4856-A0DB-ED297620AC56}.Debug|Any CPU.Build.0 = Debug|Any CPU
		{B699D586-A077-4856-A0DB-ED297620AC56}.Debug|x64.ActiveCfg = Debug|Any CPU
		{B699D586-A077-4856-A0DB-ED297620AC56}.Debug|x64.Build.0 = Debug|Any CPU
		{B699D586-A077-4856-A0DB-ED297620AC56}.Debug|x86.ActiveCfg = Debug|Any CPU
		{B699D586-A077-4856-A0DB-ED297620AC56}.Debug|x86.Build.0 = Debug|Any CPU
		{B699D586-A077-4856-A0DB-ED297620AC56}.Release|Any CPU.ActiveCfg = Release|Any CPU
		{B699D586-A077-4856-A0DB-ED297620AC56}.Release|Any CPU.Build.0 = Release|Any CPU
		{B699D586-A077-4856-A0DB-ED297620AC56}.Release|x64.ActiveCfg = Release|Any CPU
		{B699D586-A077-4856-A0DB-ED297620AC56}.Release|x64.Build.0 = Release|Any CPU
		{B699D586-A077-4856-A0DB-ED297620AC56}.Release|x86.ActiveCfg = Release|Any CPU
		{B699D586-A077-4856-A0DB-ED297620AC56}.Release|x86.Build.0 = Release|Any CPU
		{55146F2D-29A8-42DA-9AC2-5873E7514DE7}.Debug|Any CPU.ActiveCfg = Debug|Any CPU
		{55146F2D-29A8-42DA-9AC2-5873E7514DE7}.Debug|Any CPU.Build.0 = Debug|Any CPU
		{55146F2D-29A8-42DA-9AC2-5873E7514DE7}.Debug|x64.ActiveCfg = Debug|Any CPU
		{55146F2D-29A8-42DA-9AC2-5873E7514DE7}.Debug|x64.Build.0 = Debug|Any CPU
		{55146F2D-29A8-42DA-9AC2-5873E7514DE7}.Debug|x86.ActiveCfg = Debug|Any CPU
		{55146F2D-29A8-42DA-9AC2-5873E7514DE7}.Debug|x86.Build.0 = Debug|Any CPU
		{55146F2D-29A8-42DA-9AC2-5873E7514DE7}.Release|Any CPU.ActiveCfg = Release|Any CPU
		{55146F2D-29A8-42DA-9AC2-5873E7514DE7}.Release|Any CPU.Build.0 = Release|Any CPU
		{55146F2D-29A8-42DA-9AC2-5873E7514DE7}.Release|x64.ActiveCfg = Release|Any CPU
		{55146F2D-29A8-42DA-9AC2-5873E7514DE7}.Release|x64.Build.0 = Release|Any CPU
		{55146F2D-29A8-42DA-9AC2-5873E7514DE7}.Release|x86.ActiveCfg = Release|Any CPU
		{55146F2D-29A8-42DA-9AC2-5873E7514DE7}.Release|x86.Build.0 = Release|Any CPU
		{8F3E9A1B-4C2D-4E5F-8A6B-1D2E3F4A5B6C}.Debug|Any CPU.ActiveCfg = Debug|Any CPU
		{8F3E9A1B-4C2D-4E5F-8A6B-1D2E3F4A5B6C}.Debug|Any CPU.Build.0 = Debug|Any CPU
		{8F3E9A1B-4C2D-4E5F-8A6B-1D2E3F4A5B6C}.Debug|x64.ActiveCfg = Debug|Any CPU
		{8F3E9A1B-4C2D-4E5F-8A6B-1D2E3F4A5B6C}.Debug|x64.Build.0 = Debug|Any CPU
		{8F3E9A1B-4C2D-4E5F-8A6B-1D2E3F4A5B6C}.Debug|x86.ActiveCfg = Debug|Any CPU
		{8F3E9A1B-4C2D-4E5F-8A6B-1D2E3F4A5B6C}.Debug|x86.Build.0 = Debug|Any CPU
		{8F3E9A1B-4C2D-4E5F-8A6B-1D2E3F4A5B6C}.Release|Any CPU.ActiveCfg = Release|Any CPU
		{8F3E9A1B-4C2D-4E5F-8A6B-1D2E3F4A5B6C}.Release|Any CPU.Build.0 = Release|Any CPU
		{8F3E9A1B-4C2D-4E5F-8A6B-1D2E3F4A5B6C}.Release|x64.ActiveCfg = Release|Any CPU
		{8F3E9A1B-4C2D-4E5F-8A6B-1D2E3F4A5B6C}.Release|x64.Build.0 = Release|Any CPU
		{8F3E9A1B-4C2D-4E5F-8A6B-1D2E3F4A5B6C}.Release|x86.ActiveCfg = Release|Any CPU
		{8F3E9A1B-4C2D-4E5F-8A6B-1D2E3F4A5B6C}.Release|x86.Build.0 = Release|Any CPU
	EndGlobalSection
	GlobalSection(SolutionProperties) = preSolution
		HideSolutionNode = FALSE
	EndGlobalSection
EndGlobal
